
Microsoft Visual Studio Solution File, Format Version 12.00
# Visual Studio Version 17
VisualStudioVersion = 17.5.33530.505
MinimumVisualStudioVersion = 10.0.40219.1
Project("{9A19103F-16F7-4668-BE54-9A1E7A4F7556}") = "APIMovies", "APIMovies.csproj", "{9E0BC76F-9D01-4A1D-BA86-A756C1A8BBD7}"
EndProject
Project("{FAE04EC0-301F-11D3-BF4B-00C04F79EFBC}") = "APPClient", "..\APPClient\APPClient.csproj", "{D5182ACA-505B-45DE-B204-59634C325F3D}"
EndProject
Global
	GlobalSection(SolutionConfigurationPlatforms) = preSolution
		Debug|Any CPU = Debug|Any CPU
		Release|Any CPU = Release|Any CPU
	EndGlobalSection
	GlobalSection(ProjectConfigurationPlatforms) = postSolution
		{9E0BC76F-9D01-4A1D-BA86-A756C1A8BBD7}.Debug|Any CPU.ActiveCfg = Debug|Any CPU
		{9E0BC76F-9D01-4A1D-BA86-A756C1A8BBD7}.Debug|Any CPU.Build.0 = Debug|Any CPU
		{9E0BC76F-9D01-4A1D-BA86-A756C1A8BBD7}.Release|Any CPU.ActiveCfg = Release|Any CPU
		{9E0BC76F-9D01-4A1D-BA86-A756C1A8BBD7}.Release|Any CPU.Build.0 = Release|Any CPU
		{D5182ACA-505B-45DE-B204-59634C325F3D}.Debug|Any CPU.ActiveCfg = Debug|Any CPU
		{D5182ACA-505B-45DE-B204-59634C325F3D}.Debug|Any CPU.Build.0 = Debug|Any CPU
		{D5182ACA-505B-45DE-B204-59634C325F3D}.Release|Any CPU.ActiveCfg = Release|Any CPU
		{D5182ACA-505B-45DE-B204-59634C325F3D}.Release|Any CPU.Build.0 = Release|Any CPU
	EndGlobalSection
	GlobalSection(SolutionProperties) = preSolution
		HideSolutionNode = FALSE
	EndGlobalSection
	GlobalSection(ExtensibilityGlobals) = postSolution
		SolutionGuid = {7C8BB37F-736B-4EC9-9772-80D2558D280B}
	EndGlobalSection
EndGlobal
