
Microsoft Visual Studio Solution File, Format Version 12.00
# Visual Studio Version 17
VisualStudioVersion = 17.5.33530.505
MinimumVisualStudioVersion = 10.0.40219.1
Project("{9A19103F-16F7-4668-BE54-9A1E7A4F7556}") = "ProyectoLenguajes", "ProyectoLenguajes\ProyectoLenguajes.csproj", "{FB64167E-0413-4CA7-86AC-CABFC428AF23}"
EndProject
Project("{FAE04EC0-301F-11D3-BF4B-00C04F79EFBC}") = "Reports", "Reports\Reports.csproj", "{C5AB98AE-47A4-40F2-A005-FF1AC8D26D9E}"
EndProject
Global
	GlobalSection(SolutionConfigurationPlatforms) = preSolution
		Debug|Any CPU = Debug|Any CPU
		Release|Any CPU = Release|Any CPU
	EndGlobalSection
	GlobalSection(ProjectConfigurationPlatforms) = postSolution
		{FB64167E-0413-4CA7-86AC-CABFC428AF23}.Debug|Any CPU.ActiveCfg = Debug|Any CPU
		{FB64167E-0413-4CA7-86AC-CABFC428AF23}.Debug|Any CPU.Build.0 = Debug|Any CPU
		{FB64167E-0413-4CA7-86AC-CABFC428AF23}.Release|Any CPU.ActiveCfg = Release|Any CPU
		{FB64167E-0413-4CA7-86AC-CABFC428AF23}.Release|Any CPU.Build.0 = Release|Any CPU
		{C5AB98AE-47A4-40F2-A005-FF1AC8D26D9E}.Debug|Any CPU.ActiveCfg = Debug|Any CPU
		{C5AB98AE-47A4-40F2-A005-FF1AC8D26D9E}.Debug|Any CPU.Build.0 = Debug|Any CPU
		{C5AB98AE-47A4-40F2-A005-FF1AC8D26D9E}.Release|Any CPU.ActiveCfg = Release|Any CPU
		{C5AB98AE-47A4-40F2-A005-FF1AC8D26D9E}.Release|Any CPU.Build.0 = Release|Any CPU
	EndGlobalSection
	GlobalSection(SolutionProperties) = preSolution
		HideSolutionNode = FALSE
	EndGlobalSection
	GlobalSection(ExtensibilityGlobals) = postSolution
		SolutionGuid = {AB681141-26D2-4A9B-ABA7-5BC76542D090}
	EndGlobalSection
EndGlobal
